
Microsoft Visual Studio Solution File, Format Version 12.00
# Visual Studio 15
VisualStudioVersion = 15.0.27703.2018
MinimumVisualStudioVersion = 10.0.40219.1
Project("{00D1A9C2-B5F0-4AF3-8072-F6C62B433612}") = "HomeDatabase", "HomeDatabase\HomeDatabase.sqlproj", "{919E64D6-C858-42D3-8DBD-C3741755E28F}"
EndProject
Global
	GlobalSection(SolutionConfigurationPlatforms) = preSolution
		Debug|Any CPU = Debug|Any CPU
		Release|Any CPU = Release|Any CPU
	EndGlobalSection
	GlobalSection(ProjectConfigurationPlatforms) = postSolution
		{919E64D6-C858-42D3-8DBD-C3741755E28F}.Debug|Any CPU.ActiveCfg = Debug|Any CPU
		{919E64D6-C858-42D3-8DBD-C3741755E28F}.Debug|Any CPU.Build.0 = Debug|Any CPU
		{919E64D6-C858-42D3-8DBD-C3741755E28F}.Debug|Any CPU.Deploy.0 = Debug|Any CPU
		{919E64D6-C858-42D3-8DBD-C3741755E28F}.Release|Any CPU.ActiveCfg = Release|Any CPU
		{919E64D6-C858-42D3-8DBD-C3741755E28F}.Release|Any CPU.Build.0 = Release|Any CPU
		{919E64D6-C858-42D3-8DBD-C3741755E28F}.Release|Any CPU.Deploy.0 = Release|Any CPU
	EndGlobalSection
	GlobalSection(SolutionProperties) = preSolution
		HideSolutionNode = FALSE
	EndGlobalSection
	GlobalSection(ExtensibilityGlobals) = postSolution
		SolutionGuid = {7C5D5D89-6C1A-4CC5-82FE-2CAE8CBF7E75}
	EndGlobalSection
EndGlobal
